
Microsoft Visual Studio Solution File, Format Version 12.00
# Visual Studio Version 17
VisualStudioVersion = 17.2.32602.215
MinimumVisualStudioVersion = 10.0.40219.1
Project("{FAE04EC0-301F-11D3-BF4B-00C04F79EFBC}") = "LU_Factorization", "LU_Factorization.csproj", "{F52B45DF-0BAB-4A8E-8E4B-14E7AE6E53D2}"
EndProject
Global
	GlobalSection(SolutionConfigurationPlatforms) = preSolution
		Debug|Any CPU = Debug|Any CPU
		Release|Any CPU = Release|Any CPU
	EndGlobalSection
	GlobalSection(ProjectConfigurationPlatforms) = postSolution
		{F52B45DF-0BAB-4A8E-8E4B-14E7AE6E53D2}.Debug|Any CPU.ActiveCfg = Debug|Any CPU
		{F52B45DF-0BAB-4A8E-8E4B-14E7AE6E53D2}.Debug|Any CPU.Build.0 = Debug|Any CPU
		{F52B45DF-0BAB-4A8E-8E4B-14E7AE6E53D2}.Release|Any CPU.ActiveCfg = Release|Any CPU
		{F52B45DF-0BAB-4A8E-8E4B-14E7AE6E53D2}.Release|Any CPU.Build.0 = Release|Any CPU
	EndGlobalSection
	GlobalSection(SolutionProperties) = preSolution
		HideSolutionNode = FALSE
	EndGlobalSection
	GlobalSection(ExtensibilityGlobals) = postSolution
		SolutionGuid = {ACE14AFD-320A-4B52-8E0F-3A47E0237D8B}
	EndGlobalSection
EndGlobal
